
Microsoft Visual Studio Solution File, Format Version 12.00
# Visual Studio Version 17
VisualStudioVersion = 17.8.34525.116
MinimumVisualStudioVersion = 10.0.40219.1
Project("{FAE04EC0-301F-11D3-BF4B-00C04F79EFBC}") = "intro", "intro.csproj", "{782E7AA9-9EEE-41B9-8EF1-AE2CA5A2F164}"
EndProject
Global
	GlobalSection(SolutionConfigurationPlatforms) = preSolution
		Debug|Any CPU = Debug|Any CPU
		Release|Any CPU = Release|Any CPU
	EndGlobalSection
	GlobalSection(ProjectConfigurationPlatforms) = postSolution
		{782E7AA9-9EEE-41B9-8EF1-AE2CA5A2F164}.Debug|Any CPU.ActiveCfg = Debug|Any CPU
		{782E7AA9-9EEE-41B9-8EF1-AE2CA5A2F164}.Debug|Any CPU.Build.0 = Debug|Any CPU
		{782E7AA9-9EEE-41B9-8EF1-AE2CA5A2F164}.Release|Any CPU.ActiveCfg = Release|Any CPU
		{782E7AA9-9EEE-41B9-8EF1-AE2CA5A2F164}.Release|Any CPU.Build.0 = Release|Any CPU
	EndGlobalSection
	GlobalSection(SolutionProperties) = preSolution
		HideSolutionNode = FALSE
	EndGlobalSection
	GlobalSection(ExtensibilityGlobals) = postSolution
		SolutionGuid = {4E775AC9-BC8E-444B-9D9A-B5532CF9AF66}
	EndGlobalSection
EndGlobal
